// !$*UTF8*$!
{
	archiveVersion = 1;
	classes = {
	};
	objectVersion = 56;
	objects = {

/* Begin PBXBuildFile section */
		6E055074295B0FA2004C28E9 /* SelectionSort.swift in Sources */ = {isa = PBXBuildFile; fileRef = 6E055073295B0FA2004C28E9 /* SelectionSort.swift */; };
		6E055076295B1214004C28E9 /* InsertionSort.swift in Sources */ = {isa = PBXBuildFile; fileRef = 6E055075295B1214004C28E9 /* InsertionSort.swift */; };
		6E1FB0AD2945A7BE0059B1D3 /* FizzBuzz.swift in Sources */ = {isa = PBXBuildFile; fileRef = 6E1FB0AC2945A7BE0059B1D3 /* FizzBuzz.swift */; };
		6E1FB0B02945ABF00059B1D3 /* MiddleOfList.swift in Sources */ = {isa = PBXBuildFile; fileRef = 6E1FB0AF2945ABF00059B1D3 /* MiddleOfList.swift */; };
		6E1FB0B32945B4250059B1D3 /* RansomNote.swift in Sources */ = {isa = PBXBuildFile; fileRef = 6E1FB0B22945B4250059B1D3 /* RansomNote.swift */; };
		6E267AC32938AB58007F35C1 /* HashTableSeparateChaining.swift in Sources */ = {isa = PBXBuildFile; fileRef = 6E267AC22938AB58007F35C1 /* HashTableSeparateChaining.swift */; };
		6E3AAB462935E80700791A1A /* BinarySearchTree.swift in Sources */ = {isa = PBXBuildFile; fileRef = 6E3AAB452935E80700791A1A /* BinarySearchTree.swift */; };
		6E42B30F293B1D07004197F3 /* AVLTree.swift in Sources */ = {isa = PBXBuildFile; fileRef = 6E42B30E293B1D07004197F3 /* AVLTree.swift */; };
		6E42B312293B6BE3004197F3 /* PalindromeRecursive.swift in Sources */ = {isa = PBXBuildFile; fileRef = 6E42B311293B6BE3004197F3 /* PalindromeRecursive.swift */; };
		6E42B315293B97F3004197F3 /* MergeSort.swift in Sources */ = {isa = PBXBuildFile; fileRef = 6E42B314293B97F3004197F3 /* MergeSort.swift */; };
		6EA23F0B2928F00F009989F6 /* DoublyLinkedList.swift in Sources */ = {isa = PBXBuildFile; fileRef = 6EA23F0A2928F00F009989F6 /* DoublyLinkedList.swift */; };
		6EA3ED83292F227C004FB527 /* Stack.swift in Sources */ = {isa = PBXBuildFile; fileRef = 6EA3ED82292F227C004FB527 /* Stack.swift */; };
		6EA3ED85292F2860004FB527 /* Queue.swift in Sources */ = {isa = PBXBuildFile; fileRef = 6EA3ED84292F2860004FB527 /* Queue.swift */; };
		6EA3ED87292F2DB6004FB527 /* PriorityQueue.swift in Sources */ = {isa = PBXBuildFile; fileRef = 6EA3ED86292F2DB6004FB527 /* PriorityQueue.swift */; };
		6EA5825429333AD7008FE0D3 /* BinaryGap.swift in Sources */ = {isa = PBXBuildFile; fileRef = 6EA5825329333AD7008FE0D3 /* BinaryGap.swift */; };
		6EA5825729333F71008FE0D3 /* CyclicRotation.swift in Sources */ = {isa = PBXBuildFile; fileRef = 6EA5825629333F71008FE0D3 /* CyclicRotation.swift */; };
		6EA58259293344F7008FE0D3 /* OddOccurrencesInArray.swift in Sources */ = {isa = PBXBuildFile; fileRef = 6EA58258293344F7008FE0D3 /* OddOccurrencesInArray.swift */; };
		6EA5825B29334911008FE0D3 /* PermMissingElem.swift in Sources */ = {isa = PBXBuildFile; fileRef = 6EA5825A29334911008FE0D3 /* PermMissingElem.swift */; };
		6EA5825D29338B1A008FE0D3 /* FindMissingRolls.swift in Sources */ = {isa = PBXBuildFile; fileRef = 6EA5825C29338B1A008FE0D3 /* FindMissingRolls.swift */; };
		6EB52B1C293EFA3900A68F1A /* HasPath.swift in Sources */ = {isa = PBXBuildFile; fileRef = 6EB52B1B293EFA3900A68F1A /* HasPath.swift */; };
		6EB5A51A2926411A001551D0 /* main.swift in Sources */ = {isa = PBXBuildFile; fileRef = 6EB5A5192926411A001551D0 /* main.swift */; };
		6EC96233293F0E500036AC81 /* LargestGraphComponent.swift in Sources */ = {isa = PBXBuildFile; fileRef = 6EC96232293F0E500036AC81 /* LargestGraphComponent.swift */; };
		6ECF3794293CA8A7006F4A3C /* DFS.swift in Sources */ = {isa = PBXBuildFile; fileRef = 6ECF3793293CA8A7006F4A3C /* DFS.swift */; };
		6ECF3796293CAC39006F4A3C /* BFS.swift in Sources */ = {isa = PBXBuildFile; fileRef = 6ECF3795293CAC39006F4A3C /* BFS.swift */; };
		6ECF77BF292B691100144231 /* FindGroups (Islands).swift in Sources */ = {isa = PBXBuildFile; fileRef = 6ECF77BE292B691100144231 /* FindGroups (Islands).swift */; };
/* End PBXBuildFile section */

/* Begin PBXCopyFilesBuildPhase section */
		6EB5A5142926411A001551D0 /* CopyFiles */ = {
			isa = PBXCopyFilesBuildPhase;
			buildActionMask = 2147483647;
			dstPath = /usr/share/man/man1/;
			dstSubfolderSpec = 0;
			files = (
			);
			runOnlyForDeploymentPostprocessing = 1;
		};
/* End PBXCopyFilesBuildPhase section */

/* Begin PBXFileReference section */
		6E055073295B0FA2004C28E9 /* SelectionSort.swift */ = {isa = PBXFileReference; lastKnownFileType = sourcecode.swift; path = SelectionSort.swift; sourceTree = "<group>"; };
		6E055075295B1214004C28E9 /* InsertionSort.swift */ = {isa = PBXFileReference; lastKnownFileType = sourcecode.swift; path = InsertionSort.swift; sourceTree = "<group>"; };
		6E1FB0AC2945A7BE0059B1D3 /* FizzBuzz.swift */ = {isa = PBXFileReference; lastKnownFileType = sourcecode.swift; path = FizzBuzz.swift; sourceTree = "<group>"; };
		6E1FB0AF2945ABF00059B1D3 /* MiddleOfList.swift */ = {isa = PBXFileReference; lastKnownFileType = sourcecode.swift; path = MiddleOfList.swift; sourceTree = "<group>"; };
		6E1FB0B22945B4250059B1D3 /* RansomNote.swift */ = {isa = PBXFileReference; lastKnownFileType = sourcecode.swift; path = RansomNote.swift; sourceTree = "<group>"; };
		6E267AC22938AB58007F35C1 /* HashTableSeparateChaining.swift */ = {isa = PBXFileReference; lastKnownFileType = sourcecode.swift; path = HashTableSeparateChaining.swift; sourceTree = "<group>"; };
		6E3AAB452935E80700791A1A /* BinarySearchTree.swift */ = {isa = PBXFileReference; lastKnownFileType = sourcecode.swift; path = BinarySearchTree.swift; sourceTree = "<group>"; };
		6E42B30E293B1D07004197F3 /* AVLTree.swift */ = {isa = PBXFileReference; lastKnownFileType = sourcecode.swift; path = AVLTree.swift; sourceTree = "<group>"; };
		6E42B311293B6BE3004197F3 /* PalindromeRecursive.swift */ = {isa = PBXFileReference; lastKnownFileType = sourcecode.swift; path = PalindromeRecursive.swift; sourceTree = "<group>"; };
		6E42B314293B97F3004197F3 /* MergeSort.swift */ = {isa = PBXFileReference; lastKnownFileType = sourcecode.swift; path = MergeSort.swift; sourceTree = "<group>"; };
		6EA23F0A2928F00F009989F6 /* DoublyLinkedList.swift */ = {isa = PBXFileReference; lastKnownFileType = sourcecode.swift; path = DoublyLinkedList.swift; sourceTree = "<group>"; };
		6EA3ED82292F227C004FB527 /* Stack.swift */ = {isa = PBXFileReference; lastKnownFileType = sourcecode.swift; path = Stack.swift; sourceTree = "<group>"; };
		6EA3ED84292F2860004FB527 /* Queue.swift */ = {isa = PBXFileReference; lastKnownFileType = sourcecode.swift; path = Queue.swift; sourceTree = "<group>"; };
		6EA3ED86292F2DB6004FB527 /* PriorityQueue.swift */ = {isa = PBXFileReference; lastKnownFileType = sourcecode.swift; path = PriorityQueue.swift; sourceTree = "<group>"; };
		6EA5825329333AD7008FE0D3 /* BinaryGap.swift */ = {isa = PBXFileReference; lastKnownFileType = sourcecode.swift; path = BinaryGap.swift; sourceTree = "<group>"; };
		6EA5825629333F71008FE0D3 /* CyclicRotation.swift */ = {isa = PBXFileReference; lastKnownFileType = sourcecode.swift; path = CyclicRotation.swift; sourceTree = "<group>"; };
		6EA58258293344F7008FE0D3 /* OddOccurrencesInArray.swift */ = {isa = PBXFileReference; lastKnownFileType = sourcecode.swift; path = OddOccurrencesInArray.swift; sourceTree = "<group>"; };
		6EA5825A29334911008FE0D3 /* PermMissingElem.swift */ = {isa = PBXFileReference; lastKnownFileType = sourcecode.swift; path = PermMissingElem.swift; sourceTree = "<group>"; };
		6EA5825C29338B1A008FE0D3 /* FindMissingRolls.swift */ = {isa = PBXFileReference; lastKnownFileType = sourcecode.swift; path = FindMissingRolls.swift; sourceTree = "<group>"; };
		6EB52B1B293EFA3900A68F1A /* HasPath.swift */ = {isa = PBXFileReference; lastKnownFileType = sourcecode.swift; path = HasPath.swift; sourceTree = "<group>"; };
		6EB5A5162926411A001551D0 /* DSA */ = {isa = PBXFileReference; explicitFileType = "compiled.mach-o.executable"; includeInIndex = 0; path = DSA; sourceTree = BUILT_PRODUCTS_DIR; };
		6EB5A5192926411A001551D0 /* main.swift */ = {isa = PBXFileReference; lastKnownFileType = sourcecode.swift; path = main.swift; sourceTree = "<group>"; };
		6EC96232293F0E500036AC81 /* LargestGraphComponent.swift */ = {isa = PBXFileReference; lastKnownFileType = sourcecode.swift; path = LargestGraphComponent.swift; sourceTree = "<group>"; };
		6ECF3793293CA8A7006F4A3C /* DFS.swift */ = {isa = PBXFileReference; lastKnownFileType = sourcecode.swift; path = DFS.swift; sourceTree = "<group>"; };
		6ECF3795293CAC39006F4A3C /* BFS.swift */ = {isa = PBXFileReference; lastKnownFileType = sourcecode.swift; path = BFS.swift; sourceTree = "<group>"; };
		6ECF77BE292B691100144231 /* FindGroups (Islands).swift */ = {isa = PBXFileReference; lastKnownFileType = sourcecode.swift; path = "FindGroups (Islands).swift"; sourceTree = "<group>"; };
/* End PBXFileReference section */

/* Begin PBXFrameworksBuildPhase section */
		6EB5A5132926411A001551D0 /* Frameworks */ = {
			isa = PBXFrameworksBuildPhase;
			buildActionMask = 2147483647;
			files = (
			);
			runOnlyForDeploymentPostprocessing = 0;
		};
/* End PBXFrameworksBuildPhase section */

/* Begin PBXGroup section */
		6E055072295B0F90004C28E9 /* Sorting */ = {
			isa = PBXGroup;
			children = (
				6E055073295B0FA2004C28E9 /* SelectionSort.swift */,
				6E055075295B1214004C28E9 /* InsertionSort.swift */,
			);
			path = Sorting;
			sourceTree = "<group>";
		};
		6E1FB0AE2945ABDB0059B1D3 /* LinkedList */ = {
			isa = PBXGroup;
			children = (
				6E1FB0AF2945ABF00059B1D3 /* MiddleOfList.swift */,
			);
			path = LinkedList;
			sourceTree = "<group>";
		};
		6E42B310293B6BCD004197F3 /* String */ = {
			isa = PBXGroup;
			children = (
				6E42B311293B6BE3004197F3 /* PalindromeRecursive.swift */,
				6E1FB0B22945B4250059B1D3 /* RansomNote.swift */,
			);
			path = String;
			sourceTree = "<group>";
		};
		6E42B313293B97E4004197F3 /* Sorting */ = {
			isa = PBXGroup;
			children = (
				6E42B314293B97F3004197F3 /* MergeSort.swift */,
			);
			path = Sorting;
			sourceTree = "<group>";
		};
		6EA5825229333AB1008FE0D3 /* Two Pointers */ = {
			isa = PBXGroup;
			children = (
				6EA5825329333AD7008FE0D3 /* BinaryGap.swift */,
			);
			path = "Two Pointers";
			sourceTree = "<group>";
		};
		6EA5825529333F57008FE0D3 /* Array */ = {
			isa = PBXGroup;
			children = (
				6E42B313293B97E4004197F3 /* Sorting */,
				6EA5825229333AB1008FE0D3 /* Two Pointers */,
				6EA5825629333F71008FE0D3 /* CyclicRotation.swift */,
				6EA58258293344F7008FE0D3 /* OddOccurrencesInArray.swift */,
				6EA5825A29334911008FE0D3 /* PermMissingElem.swift */,
				6EA5825C29338B1A008FE0D3 /* FindMissingRolls.swift */,
				6E1FB0AC2945A7BE0059B1D3 /* FizzBuzz.swift */,
			);
			path = Array;
			sourceTree = "<group>";
		};
		6EB5A50D2926411A001551D0 = {
			isa = PBXGroup;
			children = (
				6EB5A5182926411A001551D0 /* DSA */,
				6EB5A5172926411A001551D0 /* Products */,
			);
			sourceTree = "<group>";
		};
		6EB5A5172926411A001551D0 /* Products */ = {
			isa = PBXGroup;
			children = (
				6EB5A5162926411A001551D0 /* DSA */,
			);
			name = Products;
			sourceTree = "<group>";
		};
		6EB5A5182926411A001551D0 /* DSA */ = {
			isa = PBXGroup;
			children = (
				6ECF77BD292B68EA00144231 /* Algorithms */,
				6EB5A520292642C9001551D0 /* Data Structures */,
				6EB5A5192926411A001551D0 /* main.swift */,
			);
			path = DSA;
			sourceTree = "<group>";
		};
		6EB5A520292642C9001551D0 /* Data Structures */ = {
			isa = PBXGroup;
			children = (
				6EA23F0A2928F00F009989F6 /* DoublyLinkedList.swift */,
				6EA3ED82292F227C004FB527 /* Stack.swift */,
				6EA3ED84292F2860004FB527 /* Queue.swift */,
				6EA3ED86292F2DB6004FB527 /* PriorityQueue.swift */,
				6E3AAB452935E80700791A1A /* BinarySearchTree.swift */,
				6E267AC22938AB58007F35C1 /* HashTableSeparateChaining.swift */,
				6E42B30E293B1D07004197F3 /* AVLTree.swift */,
			);
			path = "Data Structures";
			sourceTree = "<group>";
		};
		6ECF77BD292B68EA00144231 /* Algorithms */ = {
			isa = PBXGroup;
			children = (
				6E055072295B0F90004C28E9 /* Sorting */,
				6E1FB0AE2945ABDB0059B1D3 /* LinkedList */,
				6E42B310293B6BCD004197F3 /* String */,
				6EA5825529333F57008FE0D3 /* Array */,
				6ECF77C0292B6B4900144231 /* Graph */,
			);
			path = Algorithms;
			sourceTree = "<group>";
		};
		6ECF77C0292B6B4900144231 /* Graph */ = {
			isa = PBXGroup;
			children = (
				6ECF77BE292B691100144231 /* FindGroups (Islands).swift */,
				6ECF3793293CA8A7006F4A3C /* DFS.swift */,
				6ECF3795293CAC39006F4A3C /* BFS.swift */,
				6EB52B1B293EFA3900A68F1A /* HasPath.swift */,
				6EC96232293F0E500036AC81 /* LargestGraphComponent.swift */,
			);
			path = Graph;
			sourceTree = "<group>";
		};
/* End PBXGroup section */

/* Begin PBXNativeTarget section */
		6EB5A5152926411A001551D0 /* DSA */ = {
			isa = PBXNativeTarget;
			buildConfigurationList = 6EB5A51D2926411A001551D0 /* Build configuration list for PBXNativeTarget "DSA" */;
			buildPhases = (
				6EB5A5122926411A001551D0 /* Sources */,
				6EB5A5132926411A001551D0 /* Frameworks */,
				6EB5A5142926411A001551D0 /* CopyFiles */,
			);
			buildRules = (
			);
			dependencies = (
			);
			name = DSA;
			productName = "Data Structures";
			productReference = 6EB5A5162926411A001551D0 /* DSA */;
			productType = "com.apple.product-type.tool";
		};
/* End PBXNativeTarget section */

/* Begin PBXProject section */
		6EB5A50E2926411A001551D0 /* Project object */ = {
			isa = PBXProject;
			attributes = {
				BuildIndependentTargetsInParallel = 1;
				LastSwiftUpdateCheck = 1400;
				LastUpgradeCheck = 1400;
				TargetAttributes = {
					6EB5A5152926411A001551D0 = {
						CreatedOnToolsVersion = 14.0.1;
					};
				};
			};
			buildConfigurationList = 6EB5A5112926411A001551D0 /* Build configuration list for PBXProject "DSA" */;
			compatibilityVersion = "Xcode 14.0";
			developmentRegion = en;
			hasScannedForEncodings = 0;
			knownRegions = (
				en,
				Base,
			);
			mainGroup = 6EB5A50D2926411A001551D0;
			productRefGroup = 6EB5A5172926411A001551D0 /* Products */;
			projectDirPath = "";
			projectRoot = "";
			targets = (
				6EB5A5152926411A001551D0 /* DSA */,
			);
		};
/* End PBXProject section */

/* Begin PBXSourcesBuildPhase section */
		6EB5A5122926411A001551D0 /* Sources */ = {
			isa = PBXSourcesBuildPhase;
			buildActionMask = 2147483647;
			files = (
				6EA3ED85292F2860004FB527 /* Queue.swift in Sources */,
				6E42B30F293B1D07004197F3 /* AVLTree.swift in Sources */,
				6E42B315293B97F3004197F3 /* MergeSort.swift in Sources */,
				6E42B312293B6BE3004197F3 /* PalindromeRecursive.swift in Sources */,
				6E055074295B0FA2004C28E9 /* SelectionSort.swift in Sources */,
				6EA5825B29334911008FE0D3 /* PermMissingElem.swift in Sources */,
				6ECF3796293CAC39006F4A3C /* BFS.swift in Sources */,
				6EA3ED83292F227C004FB527 /* Stack.swift in Sources */,
				6ECF77BF292B691100144231 /* FindGroups (Islands).swift in Sources */,
				6EA5825429333AD7008FE0D3 /* BinaryGap.swift in Sources */,
				6E267AC32938AB58007F35C1 /* HashTableSeparateChaining.swift in Sources */,
				6EB52B1C293EFA3900A68F1A /* HasPath.swift in Sources */,
				6E1FB0AD2945A7BE0059B1D3 /* FizzBuzz.swift in Sources */,
				6EA5825D29338B1A008FE0D3 /* FindMissingRolls.swift in Sources */,
				6ECF3794293CA8A7006F4A3C /* DFS.swift in Sources */,
				6EC96233293F0E500036AC81 /* LargestGraphComponent.swift in Sources */,
				6EA58259293344F7008FE0D3 /* OddOccurrencesInArray.swift in Sources */,
				6EA23F0B2928F00F009989F6 /* DoublyLinkedList.swift in Sources */,
				6E3AAB462935E80700791A1A /* BinarySearchTree.swift in Sources */,
				6EB5A51A2926411A001551D0 /* main.swift in Sources */,
				6EA5825729333F71008FE0D3 /* CyclicRotation.swift in Sources */,
				6E055076295B1214004C28E9 /* InsertionSort.swift in Sources */,
				6EA3ED87292F2DB6004FB527 /* PriorityQueue.swift in Sources */,
				6E1FB0B02945ABF00059B1D3 /* MiddleOfList.swift in Sources */,
				6E1FB0B32945B4250059B1D3 /* RansomNote.swift in Sources */,
			);
			runOnlyForDeploymentPostprocessing = 0;
		};
/* End PBXSourcesBuildPhase section */

/* Begin XCBuildConfiguration section */
		6EB5A51B2926411A001551D0 /* Debug */ = {
			isa = XCBuildConfiguration;
			buildSettings = {
				ALWAYS_SEARCH_USER_PATHS = NO;
				CLANG_ANALYZER_NONNULL = YES;
				CLANG_ANALYZER_NUMBER_OBJECT_CONVERSION = YES_AGGRESSIVE;
				CLANG_CXX_LANGUAGE_STANDARD = "gnu++20";
				CLANG_ENABLE_MODULES = YES;
				CLANG_ENABLE_OBJC_ARC = YES;
				CLANG_ENABLE_OBJC_WEAK = YES;
				CLANG_WARN_BLOCK_CAPTURE_AUTORELEASING = YES;
				CLANG_WARN_BOOL_CONVERSION = YES;
				CLANG_WARN_COMMA = YES;
				CLANG_WARN_CONSTANT_CONVERSION = YES;
				CLANG_WARN_DEPRECATED_OBJC_IMPLEMENTATIONS = YES;
				CLANG_WARN_DIRECT_OBJC_ISA_USAGE = YES_ERROR;
				CLANG_WARN_DOCUMENTATION_COMMENTS = YES;
				CLANG_WARN_EMPTY_BODY = YES;
				CLANG_WARN_ENUM_CONVERSION = YES;
				CLANG_WARN_INFINITE_RECURSION = YES;
				CLANG_WARN_INT_CONVERSION = YES;
				CLANG_WARN_NON_LITERAL_NULL_CONVERSION = YES;
				CLANG_WARN_OBJC_IMPLICIT_RETAIN_SELF = YES;
				CLANG_WARN_OBJC_LITERAL_CONVERSION = YES;
				CLANG_WARN_OBJC_ROOT_CLASS = YES_ERROR;
				CLANG_WARN_QUOTED_INCLUDE_IN_FRAMEWORK_HEADER = YES;
				CLANG_WARN_RANGE_LOOP_ANALYSIS = YES;
				CLANG_WARN_STRICT_PROTOTYPES = YES;
				CLANG_WARN_SUSPICIOUS_MOVE = YES;
				CLANG_WARN_UNGUARDED_AVAILABILITY = YES_AGGRESSIVE;
				CLANG_WARN_UNREACHABLE_CODE = YES;
				CLANG_WARN__DUPLICATE_METHOD_MATCH = YES;
				COPY_PHASE_STRIP = NO;
				DEBUG_INFORMATION_FORMAT = dwarf;
				ENABLE_STRICT_OBJC_MSGSEND = YES;
				ENABLE_TESTABILITY = YES;
				GCC_C_LANGUAGE_STANDARD = gnu11;
				GCC_DYNAMIC_NO_PIC = NO;
				GCC_NO_COMMON_BLOCKS = YES;
				GCC_OPTIMIZATION_LEVEL = 0;
				GCC_PREPROCESSOR_DEFINITIONS = (
					"DEBUG=1",
					"$(inherited)",
				);
				GCC_WARN_64_TO_32_BIT_CONVERSION = YES;
				GCC_WARN_ABOUT_RETURN_TYPE = YES_ERROR;
				GCC_WARN_UNDECLARED_SELECTOR = YES;
				GCC_WARN_UNINITIALIZED_AUTOS = YES_AGGRESSIVE;
				GCC_WARN_UNUSED_FUNCTION = YES;
				GCC_WARN_UNUSED_VARIABLE = YES;
				MACOSX_DEPLOYMENT_TARGET = 12.3;
				MTL_ENABLE_DEBUG_INFO = INCLUDE_SOURCE;
				MTL_FAST_MATH = YES;
				ONLY_ACTIVE_ARCH = YES;
				SDKROOT = macosx;
				SWIFT_ACTIVE_COMPILATION_CONDITIONS = DEBUG;
				SWIFT_OPTIMIZATION_LEVEL = "-Onone";
			};
			name = Debug;
		};
		6EB5A51C2926411A001551D0 /* Release */ = {
			isa = XCBuildConfiguration;
			buildSettings = {
				ALWAYS_SEARCH_USER_PATHS = NO;
				CLANG_ANALYZER_NONNULL = YES;
				CLANG_ANALYZER_NUMBER_OBJECT_CONVERSION = YES_AGGRESSIVE;
				CLANG_CXX_LANGUAGE_STANDARD = "gnu++20";
				CLANG_ENABLE_MODULES = YES;
				CLANG_ENABLE_OBJC_ARC = YES;
				CLANG_ENABLE_OBJC_WEAK = YES;
				CLANG_WARN_BLOCK_CAPTURE_AUTORELEASING = YES;
				CLANG_WARN_BOOL_CONVERSION = YES;
				CLANG_WARN_COMMA = YES;
				CLANG_WARN_CONSTANT_CONVERSION = YES;
				CLANG_WARN_DEPRECATED_OBJC_IMPLEMENTATIONS = YES;
				CLANG_WARN_DIRECT_OBJC_ISA_USAGE = YES_ERROR;
				CLANG_WARN_DOCUMENTATION_COMMENTS = YES;
				CLANG_WARN_EMPTY_BODY = YES;
				CLANG_WARN_ENUM_CONVERSION = YES;
				CLANG_WARN_INFINITE_RECURSION = YES;
				CLANG_WARN_INT_CONVERSION = YES;
				CLANG_WARN_NON_LITERAL_NULL_CONVERSION = YES;
				CLANG_WARN_OBJC_IMPLICIT_RETAIN_SELF = YES;
				CLANG_WARN_OBJC_LITERAL_CONVERSION = YES;
				CLANG_WARN_OBJC_ROOT_CLASS = YES_ERROR;
				CLANG_WARN_QUOTED_INCLUDE_IN_FRAMEWORK_HEADER = YES;
				CLANG_WARN_RANGE_LOOP_ANALYSIS = YES;
				CLANG_WARN_STRICT_PROTOTYPES = YES;
				CLANG_WARN_SUSPICIOUS_MOVE = YES;
				CLANG_WARN_UNGUARDED_AVAILABILITY = YES_AGGRESSIVE;
				CLANG_WARN_UNREACHABLE_CODE = YES;
				CLANG_WARN__DUPLICATE_METHOD_MATCH = YES;
				COPY_PHASE_STRIP = NO;
				DEBUG_INFORMATION_FORMAT = "dwarf-with-dsym";
				ENABLE_NS_ASSERTIONS = NO;
				ENABLE_STRICT_OBJC_MSGSEND = YES;
				GCC_C_LANGUAGE_STANDARD = gnu11;
				GCC_NO_COMMON_BLOCKS = YES;
				GCC_WARN_64_TO_32_BIT_CONVERSION = YES;
				GCC_WARN_ABOUT_RETURN_TYPE = YES_ERROR;
				GCC_WARN_UNDECLARED_SELECTOR = YES;
				GCC_WARN_UNINITIALIZED_AUTOS = YES_AGGRESSIVE;
				GCC_WARN_UNUSED_FUNCTION = YES;
				GCC_WARN_UNUSED_VARIABLE = YES;
				MACOSX_DEPLOYMENT_TARGET = 12.3;
				MTL_ENABLE_DEBUG_INFO = NO;
				MTL_FAST_MATH = YES;
				SDKROOT = macosx;
				SWIFT_COMPILATION_MODE = wholemodule;
				SWIFT_OPTIMIZATION_LEVEL = "-O";
			};
			name = Release;
		};
		6EB5A51E2926411A001551D0 /* Debug */ = {
			isa = XCBuildConfiguration;
			buildSettings = {
				CODE_SIGN_STYLE = Automatic;
				DEVELOPMENT_TEAM = 7XZY8P96QU;
				ENABLE_HARDENED_RUNTIME = YES;
				PRODUCT_NAME = "$(TARGET_NAME)";
				SWIFT_VERSION = 5.0;
			};
			name = Debug;
		};
		6EB5A51F2926411A001551D0 /* Release */ = {
			isa = XCBuildConfiguration;
			buildSettings = {
				CODE_SIGN_STYLE = Automatic;
				DEVELOPMENT_TEAM = 7XZY8P96QU;
				ENABLE_HARDENED_RUNTIME = YES;
				PRODUCT_NAME = "$(TARGET_NAME)";
				SWIFT_VERSION = 5.0;
			};
			name = Release;
		};
/* End XCBuildConfiguration section */

/* Begin XCConfigurationList section */
		6EB5A5112926411A001551D0 /* Build configuration list for PBXProject "DSA" */ = {
			isa = XCConfigurationList;
			buildConfigurations = (
				6EB5A51B2926411A001551D0 /* Debug */,
				6EB5A51C2926411A001551D0 /* Release */,
			);
			defaultConfigurationIsVisible = 0;
			defaultConfigurationName = Release;
		};
		6EB5A51D2926411A001551D0 /* Build configuration list for PBXNativeTarget "DSA" */ = {
			isa = XCConfigurationList;
			buildConfigurations = (
				6EB5A51E2926411A001551D0 /* Debug */,
				6EB5A51F2926411A001551D0 /* Release */,
			);
			defaultConfigurationIsVisible = 0;
			defaultConfigurationName = Release;
		};
/* End XCConfigurationList section */
	};
	rootObject = 6EB5A50E2926411A001551D0 /* Project object */;
}
